
Microsoft Visual Studio Solution File, Format Version 12.00
# Visual Studio Version 16
VisualStudioVersion = 16.0.30002.166
MinimumVisualStudioVersion = 10.0.40219.1
Project("{9A19103F-16F7-4668-BE54-9A1E7A4F7556}") = "RouteSafi", "RouteSafi.csproj", "{83813B3C-4F49-4B80-904E-59DD234B38BA}"
EndProject
Project("{2150E333-8FDC-42A3-9474-1A3956D46DE8}") = "WebApi", "WebApi", "{DA044CB0-2A9F-422C-A88B-5CEFF4B97711}"
EndProject
Project("{2150E333-8FDC-42A3-9474-1A3956D46DE8}") = "Services", "Services", "{3F67F487-1E3D-41AB-9C24-E467B6204158}"
EndProject
Project("{9A19103F-16F7-4668-BE54-9A1E7A4F7556}") = "RouteSafi.Infrastructure.DI", "..\RouteSafi.Infrastructure.DI\RouteSafi.Infrastructure.DI.csproj", "{4C0657DF-413F-438D-BE83-8594207D0ABA}"
EndProject
Project("{9A19103F-16F7-4668-BE54-9A1E7A4F7556}") = "RouteSafi.Domain", "..\RouteSafi.Domain\RouteSafi.Domain.csproj", "{AF04BCC6-6554-47A1-B239-13A9092D7997}"
EndProject
Project("{9A19103F-16F7-4668-BE54-9A1E7A4F7556}") = "RouteSafi.Infrastructure", "..\RouteSafi.Infrastructure\RouteSafi.Infrastructure.csproj", "{C64FE0EB-F648-4877-BEEF-9F5411BE7AB7}"
EndProject
Project("{9A19103F-16F7-4668-BE54-9A1E7A4F7556}") = "RouteSafi.Application", "..\RouteSafi.Application\RouteSafi.Application.csproj", "{B344BF62-71FD-41F3-8E7A-C56A685327D1}"
EndProject
Project("{2150E333-8FDC-42A3-9474-1A3956D46DE8}") = "Algorithms.ShortestRoute", "Algorithms.ShortestRoute", "{F0E7EEE7-E4EB-4EE2-BA10-CB17821EA69A}"
EndProject
Project("{9A19103F-16F7-4668-BE54-9A1E7A4F7556}") = "Algorithms.ShortestRoute", "..\Algorithms.ShortestRoute\Algorithms.ShortestRoute.csproj", "{A51FE3BE-7393-42A2-BB5B-FE7C1176D834}"
EndProject
Project("{2150E333-8FDC-42A3-9474-1A3956D46DE8}") = "Console", "Console", "{9FA91D0B-829B-42D3-B09D-E7C72CDE718E}"
EndProject
Project("{FAE04EC0-301F-11D3-BF4B-00C04F79EFBC}") = "RouteSafi.Console", "..\RouteSafi.Console\RouteSafi.Console.csproj", "{43581996-CE76-46C0-A5DF-CEBDB58DFF1C}"
EndProject
Global
	GlobalSection(SolutionConfigurationPlatforms) = preSolution
		Debug|Any CPU = Debug|Any CPU
		Release|Any CPU = Release|Any CPU
	EndGlobalSection
	GlobalSection(ProjectConfigurationPlatforms) = postSolution
		{83813B3C-4F49-4B80-904E-59DD234B38BA}.Debug|Any CPU.ActiveCfg = Debug|Any CPU
		{83813B3C-4F49-4B80-904E-59DD234B38BA}.Debug|Any CPU.Build.0 = Debug|Any CPU
		{83813B3C-4F49-4B80-904E-59DD234B38BA}.Release|Any CPU.ActiveCfg = Release|Any CPU
		{83813B3C-4F49-4B80-904E-59DD234B38BA}.Release|Any CPU.Build.0 = Release|Any CPU
		{4C0657DF-413F-438D-BE83-8594207D0ABA}.Debug|Any CPU.ActiveCfg = Debug|Any CPU
		{4C0657DF-413F-438D-BE83-8594207D0ABA}.Debug|Any CPU.Build.0 = Debug|Any CPU
		{4C0657DF-413F-438D-BE83-8594207D0ABA}.Release|Any CPU.ActiveCfg = Release|Any CPU
		{4C0657DF-413F-438D-BE83-8594207D0ABA}.Release|Any CPU.Build.0 = Release|Any CPU
		{AF04BCC6-6554-47A1-B239-13A9092D7997}.Debug|Any CPU.ActiveCfg = Debug|Any CPU
		{AF04BCC6-6554-47A1-B239-13A9092D7997}.Debug|Any CPU.Build.0 = Debug|Any CPU
		{AF04BCC6-6554-47A1-B239-13A9092D7997}.Release|Any CPU.ActiveCfg = Release|Any CPU
		{AF04BCC6-6554-47A1-B239-13A9092D7997}.Release|Any CPU.Build.0 = Release|Any CPU
		{C64FE0EB-F648-4877-BEEF-9F5411BE7AB7}.Debug|Any CPU.ActiveCfg = Debug|Any CPU
		{C64FE0EB-F648-4877-BEEF-9F5411BE7AB7}.Debug|Any CPU.Build.0 = Debug|Any CPU
		{C64FE0EB-F648-4877-BEEF-9F5411BE7AB7}.Release|Any CPU.ActiveCfg = Release|Any CPU
		{C64FE0EB-F648-4877-BEEF-9F5411BE7AB7}.Release|Any CPU.Build.0 = Release|Any CPU
		{B344BF62-71FD-41F3-8E7A-C56A685327D1}.Debug|Any CPU.ActiveCfg = Debug|Any CPU
		{B344BF62-71FD-41F3-8E7A-C56A685327D1}.Debug|Any CPU.Build.0 = Debug|Any CPU
		{B344BF62-71FD-41F3-8E7A-C56A685327D1}.Release|Any CPU.ActiveCfg = Release|Any CPU
		{B344BF62-71FD-41F3-8E7A-C56A685327D1}.Release|Any CPU.Build.0 = Release|Any CPU
		{A51FE3BE-7393-42A2-BB5B-FE7C1176D834}.Debug|Any CPU.ActiveCfg = Debug|Any CPU
		{A51FE3BE-7393-42A2-BB5B-FE7C1176D834}.Debug|Any CPU.Build.0 = Debug|Any CPU
		{A51FE3BE-7393-42A2-BB5B-FE7C1176D834}.Release|Any CPU.ActiveCfg = Release|Any CPU
		{A51FE3BE-7393-42A2-BB5B-FE7C1176D834}.Release|Any CPU.Build.0 = Release|Any CPU
		{43581996-CE76-46C0-A5DF-CEBDB58DFF1C}.Debug|Any CPU.ActiveCfg = Debug|Any CPU
		{43581996-CE76-46C0-A5DF-CEBDB58DFF1C}.Debug|Any CPU.Build.0 = Debug|Any CPU
		{43581996-CE76-46C0-A5DF-CEBDB58DFF1C}.Release|Any CPU.ActiveCfg = Release|Any CPU
		{43581996-CE76-46C0-A5DF-CEBDB58DFF1C}.Release|Any CPU.Build.0 = Release|Any CPU
	EndGlobalSection
	GlobalSection(SolutionProperties) = preSolution
		HideSolutionNode = FALSE
	EndGlobalSection
	GlobalSection(NestedProjects) = preSolution
		{83813B3C-4F49-4B80-904E-59DD234B38BA} = {DA044CB0-2A9F-422C-A88B-5CEFF4B97711}
		{4C0657DF-413F-438D-BE83-8594207D0ABA} = {3F67F487-1E3D-41AB-9C24-E467B6204158}
		{AF04BCC6-6554-47A1-B239-13A9092D7997} = {3F67F487-1E3D-41AB-9C24-E467B6204158}
		{C64FE0EB-F648-4877-BEEF-9F5411BE7AB7} = {3F67F487-1E3D-41AB-9C24-E467B6204158}
		{B344BF62-71FD-41F3-8E7A-C56A685327D1} = {3F67F487-1E3D-41AB-9C24-E467B6204158}
		{A51FE3BE-7393-42A2-BB5B-FE7C1176D834} = {F0E7EEE7-E4EB-4EE2-BA10-CB17821EA69A}
		{43581996-CE76-46C0-A5DF-CEBDB58DFF1C} = {9FA91D0B-829B-42D3-B09D-E7C72CDE718E}
	EndGlobalSection
	GlobalSection(ExtensibilityGlobals) = postSolution
		SolutionGuid = {919D3A55-656A-413D-9A04-702FC12C3CC4}
	EndGlobalSection
EndGlobal
